
Microsoft Visual Studio Solution File, Format Version 12.00
# Visual Studio Version 17
VisualStudioVersion = 17.5.2.0
MinimumVisualStudioVersion = 10.0.40219.1
Project("{FAE04EC0-301F-11D3-BF4B-00C04F79EFBC}") = "InteractHub.Api", "InteractHub.Api\InteractHub.Api.csproj", "{FBABE91B-75D0-454C-AABC-8F10250244FA}"
EndProject
Project("{FAE04EC0-301F-11D3-BF4B-00C04F79EFBC}") = "InteractHub.Tests", "InteractHub.Tests\InteractHub.Tests.csproj", "{B33A545A-E05F-47CD-B479-D53957CDB02E}"
EndProject
Global
	GlobalSection(SolutionConfigurationPlatforms) = preSolution
		Debug|Any CPU = Debug|Any CPU
		Debug|x64 = Debug|x64
		Debug|x86 = Debug|x86
		Release|Any CPU = Release|Any CPU
		Release|x64 = Release|x64
		Release|x86 = Release|x86
	EndGlobalSection
	GlobalSection(ProjectConfigurationPlatforms) = postSolution
		{FBABE91B-75D0-454C-AABC-8F10250244FA}.Debug|Any CPU.ActiveCfg = Debug|Any CPU
		{FBABE91B-75D0-454C-AABC-8F10250244FA}.Debug|Any CPU.Build.0 = Debug|Any CPU
		{FBABE91B-75D0-454C-AABC-8F10250244FA}.Debug|x64.ActiveCfg = Debug|Any CPU
		{FBABE91B-75D0-454C-AABC-8F10250244FA}.Debug|x64.Build.0 = Debug|Any CPU
		{FBABE91B-75D0-454C-AABC-8F10250244FA}.Debug|x86.ActiveCfg = Debug|Any CPU
		{FBABE91B-75D0-454C-AABC-8F10250244FA}.Debug|x86.Build.0 = Debug|Any CPU
		{FBABE91B-75D0-454C-AABC-8F10250244FA}.Release|Any CPU.ActiveCfg = Release|Any CPU
		{FBABE91B-75D0-454C-AABC-8F10250244FA}.Release|Any CPU.Build.0 = Release|Any CPU
		{FBABE91B-75D0-454C-AABC-8F10250244FA}.Release|x64.ActiveCfg = Release|Any CPU
		{FBABE91B-75D0-454C-AABC-8F10250244FA}.Release|x64.Build.0 = Release|Any CPU
		{FBABE91B-75D0-454C-AABC-8F10250244FA}.Release|x86.ActiveCfg = Release|Any CPU
		{FBABE91B-75D0-454C-AABC-8F10250244FA}.Release|x86.Build.0 = Release|Any CPU
		{B33A545A-E05F-47CD-B479-D53957CDB02E}.Debug|Any CPU.ActiveCfg = Debug|Any CPU
		{B33A545A-E05F-47CD-B479-D53957CDB02E}.Debug|Any CPU.Build.0 = Debug|Any CPU
		{B33A545A-E05F-47CD-B479-D53957CDB02E}.Debug|x64.ActiveCfg = Debug|Any CPU
		{B33A545A-E05F-47CD-B479-D53957CDB02E}.Debug|x64.Build.0 = Debug|Any CPU
		{B33A545A-E05F-47CD-B479-D53957CDB02E}.Debug|x86.ActiveCfg = Debug|Any CPU
		{B33A545A-E05F-47CD-B479-D53957CDB02E}.Debug|x86.Build.0 = Debug|Any CPU
		{B33A545A-E05F-47CD-B479-D53957CDB02E}.Release|Any CPU.ActiveCfg = Release|Any CPU
		{B33A545A-E05F-47CD-B479-D53957CDB02E}.Release|Any CPU.Build.0 = Release|Any CPU
		{B33A545A-E05F-47CD-B479-D53957CDB02E}.Release|x64.ActiveCfg = Release|Any CPU
		{B33A545A-E05F-47CD-B479-D53957CDB02E}.Release|x64.Build.0 = Release|Any CPU
		{B33A545A-E05F-47CD-B479-D53957CDB02E}.Release|x86.ActiveCfg = Release|Any CPU
		{B33A545A-E05F-47CD-B479-D53957CDB02E}.Release|x86.Build.0 = Release|Any CPU
	EndGlobalSection
	GlobalSection(SolutionProperties) = preSolution
		HideSolutionNode = FALSE
	EndGlobalSection
	GlobalSection(ExtensibilityGlobals) = postSolution
		SolutionGuid = {18E10816-66EF-4A9C-8F82-E57EE0A68A4E}
	EndGlobalSection
EndGlobal
